// !$*UTF8*$!
{
	archiveVersion = 1;
	classes = {
	};
	objectVersion = 50;
	objects = {

/* Begin PBXBuildFile section */
		88CFCFE7B78E9FCA21072EE0 /* Pods_VirtualTourist.framework in Frameworks */ = {isa = PBXBuildFile; fileRef = AA640DEE41B75D11903FE068 /* Pods_VirtualTourist.framework */; };
		93114B26219AB39B00BBB1F6 /* PhotoCellsViewController.swift in Sources */ = {isa = PBXBuildFile; fileRef = 93114B25219AB39B00BBB1F6 /* PhotoCellsViewController.swift */; };
		931D06D8219D51DD006609D0 /* GCDBlackBox.swift in Sources */ = {isa = PBXBuildFile; fileRef = 931D06D7219D51DD006609D0 /* GCDBlackBox.swift */; };
		934C8CFB21982F7800FCDA36 /* PhotoViewController.swift in Sources */ = {isa = PBXBuildFile; fileRef = 934C8CFA21982F7800FCDA36 /* PhotoViewController.swift */; };
		93571FBB2188398700367A86 /* AppDelegate.swift in Sources */ = {isa = PBXBuildFile; fileRef = 93571FBA2188398700367A86 /* AppDelegate.swift */; };
		93571FBD2188398700367A86 /* MapViewController.swift in Sources */ = {isa = PBXBuildFile; fileRef = 93571FBC2188398700367A86 /* MapViewController.swift */; };
		93571FC02188398700367A86 /* Main.storyboard in Resources */ = {isa = PBXBuildFile; fileRef = 93571FBE2188398700367A86 /* Main.storyboard */; };
		93571FC32188398700367A86 /* VirtualTourist.xcdatamodeld in Sources */ = {isa = PBXBuildFile; fileRef = 93571FC12188398700367A86 /* VirtualTourist.xcdatamodeld */; };
		93571FC52188398800367A86 /* Assets.xcassets in Resources */ = {isa = PBXBuildFile; fileRef = 93571FC42188398800367A86 /* Assets.xcassets */; };
		93571FC82188398800367A86 /* LaunchScreen.storyboard in Resources */ = {isa = PBXBuildFile; fileRef = 93571FC62188398800367A86 /* LaunchScreen.storyboard */; };
		93571FD32188398900367A86 /* VirtualTouristTests.swift in Sources */ = {isa = PBXBuildFile; fileRef = 93571FD22188398900367A86 /* VirtualTouristTests.swift */; };
		93571FDE2188398900367A86 /* VirtualTouristUITests.swift in Sources */ = {isa = PBXBuildFile; fileRef = 93571FDD2188398900367A86 /* VirtualTouristUITests.swift */; };
		9357C08C219D3CDF00AB3E15 /* FlickrClient.swift in Sources */ = {isa = PBXBuildFile; fileRef = 9357C08B219D3CDF00AB3E15 /* FlickrClient.swift */; };
		9357C08E219D3D0300AB3E15 /* FlickrConstants.swift in Sources */ = {isa = PBXBuildFile; fileRef = 9357C08D219D3D0300AB3E15 /* FlickrConstants.swift */; };
/* End PBXBuildFile section */

/* Begin PBXContainerItemProxy section */
		93571FCF2188398900367A86 /* PBXContainerItemProxy */ = {
			isa = PBXContainerItemProxy;
			containerPortal = 93571FAF2188398700367A86 /* Project object */;
			proxyType = 1;
			remoteGlobalIDString = 93571FB62188398700367A86;
			remoteInfo = VirtualTourist;
		};
		93571FDA2188398900367A86 /* PBXContainerItemProxy */ = {
			isa = PBXContainerItemProxy;
			containerPortal = 93571FAF2188398700367A86 /* Project object */;
			proxyType = 1;
			remoteGlobalIDString = 93571FB62188398700367A86;
			remoteInfo = VirtualTourist;
		};
/* End PBXContainerItemProxy section */

/* Begin PBXFileReference section */
		0BEE250CDEBF523DF8A1F1A6 /* Pods-VirtualTourist.release.xcconfig */ = {isa = PBXFileReference; includeInIndex = 1; lastKnownFileType = text.xcconfig; name = "Pods-VirtualTourist.release.xcconfig"; path = "Target Support Files/Pods-VirtualTourist/Pods-VirtualTourist.release.xcconfig"; sourceTree = "<group>"; };
		93114B25219AB39B00BBB1F6 /* PhotoCellsViewController.swift */ = {isa = PBXFileReference; lastKnownFileType = sourcecode.swift; path = PhotoCellsViewController.swift; sourceTree = "<group>"; };
		931D06D7219D51DD006609D0 /* GCDBlackBox.swift */ = {isa = PBXFileReference; lastKnownFileType = sourcecode.swift; path = GCDBlackBox.swift; sourceTree = "<group>"; };
		934C8CFA21982F7800FCDA36 /* PhotoViewController.swift */ = {isa = PBXFileReference; lastKnownFileType = sourcecode.swift; path = PhotoViewController.swift; sourceTree = "<group>"; };
		93571FB72188398700367A86 /* VirtualTourist.app */ = {isa = PBXFileReference; explicitFileType = wrapper.application; includeInIndex = 0; path = VirtualTourist.app; sourceTree = BUILT_PRODUCTS_DIR; };
		93571FBA2188398700367A86 /* AppDelegate.swift */ = {isa = PBXFileReference; lastKnownFileType = sourcecode.swift; path = AppDelegate.swift; sourceTree = "<group>"; };
		93571FBC2188398700367A86 /* MapViewController.swift */ = {isa = PBXFileReference; lastKnownFileType = sourcecode.swift; path = MapViewController.swift; sourceTree = "<group>"; };
		93571FBF2188398700367A86 /* Base */ = {isa = PBXFileReference; lastKnownFileType = file.storyboard; name = Base; path = Base.lproj/Main.storyboard; sourceTree = "<group>"; };
		93571FC22188398700367A86 /* VirtualTourist.xcdatamodel */ = {isa = PBXFileReference; lastKnownFileType = wrapper.xcdatamodel; path = VirtualTourist.xcdatamodel; sourceTree = "<group>"; };
		93571FC42188398800367A86 /* Assets.xcassets */ = {isa = PBXFileReference; lastKnownFileType = folder.assetcatalog; path = Assets.xcassets; sourceTree = "<group>"; };
		93571FC72188398800367A86 /* Base */ = {isa = PBXFileReference; lastKnownFileType = file.storyboard; name = Base; path = Base.lproj/LaunchScreen.storyboard; sourceTree = "<group>"; };
		93571FC92188398800367A86 /* Info.plist */ = {isa = PBXFileReference; lastKnownFileType = text.plist.xml; path = Info.plist; sourceTree = "<group>"; };
		93571FCE2188398900367A86 /* VirtualTouristTests.xctest */ = {isa = PBXFileReference; explicitFileType = wrapper.cfbundle; includeInIndex = 0; path = VirtualTouristTests.xctest; sourceTree = BUILT_PRODUCTS_DIR; };
		93571FD22188398900367A86 /* VirtualTouristTests.swift */ = {isa = PBXFileReference; lastKnownFileType = sourcecode.swift; path = VirtualTouristTests.swift; sourceTree = "<group>"; };
		93571FD42188398900367A86 /* Info.plist */ = {isa = PBXFileReference; lastKnownFileType = text.plist.xml; path = Info.plist; sourceTree = "<group>"; };
		93571FD92188398900367A86 /* VirtualTouristUITests.xctest */ = {isa = PBXFileReference; explicitFileType = wrapper.cfbundle; includeInIndex = 0; path = VirtualTouristUITests.xctest; sourceTree = BUILT_PRODUCTS_DIR; };
		93571FDD2188398900367A86 /* VirtualTouristUITests.swift */ = {isa = PBXFileReference; lastKnownFileType = sourcecode.swift; path = VirtualTouristUITests.swift; sourceTree = "<group>"; };
		93571FDF2188398900367A86 /* Info.plist */ = {isa = PBXFileReference; lastKnownFileType = text.plist.xml; path = Info.plist; sourceTree = "<group>"; };
		9357C08B219D3CDF00AB3E15 /* FlickrClient.swift */ = {isa = PBXFileReference; lastKnownFileType = sourcecode.swift; path = FlickrClient.swift; sourceTree = "<group>"; };
		9357C08D219D3D0300AB3E15 /* FlickrConstants.swift */ = {isa = PBXFileReference; lastKnownFileType = sourcecode.swift; path = FlickrConstants.swift; sourceTree = "<group>"; };
		AA640DEE41B75D11903FE068 /* Pods_VirtualTourist.framework */ = {isa = PBXFileReference; explicitFileType = wrapper.framework; includeInIndex = 0; path = Pods_VirtualTourist.framework; sourceTree = BUILT_PRODUCTS_DIR; };
		ACD641C7CBB73216F3F93C08 /* Pods-VirtualTourist.debug.xcconfig */ = {isa = PBXFileReference; includeInIndex = 1; lastKnownFileType = text.xcconfig; name = "Pods-VirtualTourist.debug.xcconfig"; path = "Target Support Files/Pods-VirtualTourist/Pods-VirtualTourist.debug.xcconfig"; sourceTree = "<group>"; };
/* End PBXFileReference section */

/* Begin PBXFrameworksBuildPhase section */
		93571FB42188398700367A86 /* Frameworks */ = {
			isa = PBXFrameworksBuildPhase;
			buildActionMask = 2147483647;
			files = (
				88CFCFE7B78E9FCA21072EE0 /* Pods_VirtualTourist.framework in Frameworks */,
			);
			runOnlyForDeploymentPostprocessing = 0;
		};
		93571FCB2188398900367A86 /* Frameworks */ = {
			isa = PBXFrameworksBuildPhase;
			buildActionMask = 2147483647;
			files = (
			);
			runOnlyForDeploymentPostprocessing = 0;
		};
		93571FD62188398900367A86 /* Frameworks */ = {
			isa = PBXFrameworksBuildPhase;
			buildActionMask = 2147483647;
			files = (
			);
			runOnlyForDeploymentPostprocessing = 0;
		};
/* End PBXFrameworksBuildPhase section */

/* Begin PBXGroup section */
		22B6B656BB5446CE47CB4CB8 /* Frameworks */ = {
			isa = PBXGroup;
			children = (
				AA640DEE41B75D11903FE068 /* Pods_VirtualTourist.framework */,
			);
			name = Frameworks;
			sourceTree = "<group>";
		};
		93571FAE2188398700367A86 = {
			isa = PBXGroup;
			children = (
				93571FB92188398700367A86 /* VirtualTourist */,
				93571FD12188398900367A86 /* VirtualTouristTests */,
				93571FDC2188398900367A86 /* VirtualTouristUITests */,
				93571FB82188398700367A86 /* Products */,
				E3B98578E4E2FA28AE7DFF88 /* Pods */,
				22B6B656BB5446CE47CB4CB8 /* Frameworks */,
			);
			sourceTree = "<group>";
		};
		93571FB82188398700367A86 /* Products */ = {
			isa = PBXGroup;
			children = (
				93571FB72188398700367A86 /* VirtualTourist.app */,
				93571FCE2188398900367A86 /* VirtualTouristTests.xctest */,
				93571FD92188398900367A86 /* VirtualTouristUITests.xctest */,
			);
			name = Products;
			sourceTree = "<group>";
		};
		93571FB92188398700367A86 /* VirtualTourist */ = {
			isa = PBXGroup;
			children = (
				9357C08A219D3CC700AB3E15 /* FlickrClient */,
				934C8CFA21982F7800FCDA36 /* PhotoViewController.swift */,
				93571FBA2188398700367A86 /* AppDelegate.swift */,
				93571FBC2188398700367A86 /* MapViewController.swift */,
				93571FBE2188398700367A86 /* Main.storyboard */,
				93571FC42188398800367A86 /* Assets.xcassets */,
				93571FC62188398800367A86 /* LaunchScreen.storyboard */,
				93571FC92188398800367A86 /* Info.plist */,
				93571FC12188398700367A86 /* VirtualTourist.xcdatamodeld */,
				93114B25219AB39B00BBB1F6 /* PhotoCellsViewController.swift */,
				931D06D7219D51DD006609D0 /* GCDBlackBox.swift */,
			);
			path = VirtualTourist;
			sourceTree = "<group>";
		};
		93571FD12188398900367A86 /* VirtualTouristTests */ = {
			isa = PBXGroup;
			children = (
				93571FD22188398900367A86 /* VirtualTouristTests.swift */,
				93571FD42188398900367A86 /* Info.plist */,
			);
			path = VirtualTouristTests;
			sourceTree = "<group>";
		};
		93571FDC2188398900367A86 /* VirtualTouristUITests */ = {
			isa = PBXGroup;
			children = (
				93571FDD2188398900367A86 /* VirtualTouristUITests.swift */,
				93571FDF2188398900367A86 /* Info.plist */,
			);
			path = VirtualTouristUITests;
			sourceTree = "<group>";
		};
		9357C08A219D3CC700AB3E15 /* FlickrClient */ = {
			isa = PBXGroup;
			children = (
				9357C08B219D3CDF00AB3E15 /* FlickrClient.swift */,
				9357C08D219D3D0300AB3E15 /* FlickrConstants.swift */,
			);
			path = FlickrClient;
			sourceTree = "<group>";
		};
		E3B98578E4E2FA28AE7DFF88 /* Pods */ = {
			isa = PBXGroup;
			children = (
				ACD641C7CBB73216F3F93C08 /* Pods-VirtualTourist.debug.xcconfig */,
				0BEE250CDEBF523DF8A1F1A6 /* Pods-VirtualTourist.release.xcconfig */,
			);
			path = Pods;
			sourceTree = "<group>";
		};
/* End PBXGroup section */

/* Begin PBXNativeTarget section */
		93571FB62188398700367A86 /* VirtualTourist */ = {
			isa = PBXNativeTarget;
			buildConfigurationList = 93571FE22188398900367A86 /* Build configuration list for PBXNativeTarget "VirtualTourist" */;
			buildPhases = (
				FF8D7765B01FB72864301647 /* [CP] Check Pods Manifest.lock */,
				93571FB32188398700367A86 /* Sources */,
				93571FB42188398700367A86 /* Frameworks */,
				93571FB52188398700367A86 /* Resources */,
				A58C5355435BEB916610CBF3 /* [CP] Embed Pods Frameworks */,
			);
			buildRules = (
			);
			dependencies = (
			);
			name = VirtualTourist;
			productName = VirtualTourist;
			productReference = 93571FB72188398700367A86 /* VirtualTourist.app */;
			productType = "com.apple.product-type.application";
		};
		93571FCD2188398900367A86 /* VirtualTouristTests */ = {
			isa = PBXNativeTarget;
			buildConfigurationList = 93571FE52188398900367A86 /* Build configuration list for PBXNativeTarget "VirtualTouristTests" */;
			buildPhases = (
				93571FCA2188398900367A86 /* Sources */,
				93571FCB2188398900367A86 /* Frameworks */,
				93571FCC2188398900367A86 /* Resources */,
			);
			buildRules = (
			);
			dependencies = (
				93571FD02188398900367A86 /* PBXTargetDependency */,
			);
			name = VirtualTouristTests;
			productName = VirtualTouristTests;
			productReference = 93571FCE2188398900367A86 /* VirtualTouristTests.xctest */;
			productType = "com.apple.product-type.bundle.unit-test";
		};
		93571FD82188398900367A86 /* VirtualTouristUITests */ = {
			isa = PBXNativeTarget;
			buildConfigurationList = 93571FE82188398900367A86 /* Build configuration list for PBXNativeTarget "VirtualTouristUITests" */;
			buildPhases = (
				93571FD52188398900367A86 /* Sources */,
				93571FD62188398900367A86 /* Frameworks */,
				93571FD72188398900367A86 /* Resources */,
			);
			buildRules = (
			);
			dependencies = (
				93571FDB2188398900367A86 /* PBXTargetDependency */,
			);
			name = VirtualTouristUITests;
			productName = VirtualTouristUITests;
			productReference = 93571FD92188398900367A86 /* VirtualTouristUITests.xctest */;
			productType = "com.apple.product-type.bundle.ui-testing";
		};
/* End PBXNativeTarget section */

/* Begin PBXProject section */
		93571FAF2188398700367A86 /* Project object */ = {
			isa = PBXProject;
			attributes = {
				LastSwiftUpdateCheck = 0930;
				LastUpgradeCheck = 0930;
				ORGANIZATIONNAME = "jay raval";
				TargetAttributes = {
					93571FB62188398700367A86 = {
						CreatedOnToolsVersion = 9.3;
						LastSwiftMigration = 1010;
					};
					93571FCD2188398900367A86 = {
						CreatedOnToolsVersion = 9.3;
						LastSwiftMigration = 1010;
						TestTargetID = 93571FB62188398700367A86;
					};
					93571FD82188398900367A86 = {
						CreatedOnToolsVersion = 9.3;
						LastSwiftMigration = 1010;
						TestTargetID = 93571FB62188398700367A86;
					};
				};
			};
			buildConfigurationList = 93571FB22188398700367A86 /* Build configuration list for PBXProject "VirtualTourist" */;
			compatibilityVersion = "Xcode 9.3";
			developmentRegion = en;
			hasScannedForEncodings = 0;
			knownRegions = (
				en,
				Base,
			);
			mainGroup = 93571FAE2188398700367A86;
			productRefGroup = 93571FB82188398700367A86 /* Products */;
			projectDirPath = "";
			projectRoot = "";
			targets = (
				93571FB62188398700367A86 /* VirtualTourist */,
				93571FCD2188398900367A86 /* VirtualTouristTests */,
				93571FD82188398900367A86 /* VirtualTouristUITests */,
			);
		};
/* End PBXProject section */

/* Begin PBXResourcesBuildPhase section */
		93571FB52188398700367A86 /* Resources */ = {
			isa = PBXResourcesBuildPhase;
			buildActionMask = 2147483647;
			files = (
				93571FC82188398800367A86 /* LaunchScreen.storyboard in Resources */,
				93571FC52188398800367A86 /* Assets.xcassets in Resources */,
				93571FC02188398700367A86 /* Main.storyboard in Resources */,
			);
			runOnlyForDeploymentPostprocessing = 0;
		};
		93571FCC2188398900367A86 /* Resources */ = {
			isa = PBXResourcesBuildPhase;
			buildActionMask = 2147483647;
			files = (
			);
			runOnlyForDeploymentPostprocessing = 0;
		};
		93571FD72188398900367A86 /* Resources */ = {
			isa = PBXResourcesBuildPhase;
			buildActionMask = 2147483647;
			files = (
			);
			runOnlyForDeploymentPostprocessing = 0;
		};
/* End PBXResourcesBuildPhase section */

/* Begin PBXShellScriptBuildPhase section */
		A58C5355435BEB916610CBF3 /* [CP] Embed Pods Frameworks */ = {
			isa = PBXShellScriptBuildPhase;
			buildActionMask = 2147483647;
			files = (
			);
			inputFileListPaths = (
			);
			inputPaths = (
				"${PODS_ROOT}/Target Support Files/Pods-VirtualTourist/Pods-VirtualTourist-frameworks.sh",
				"${BUILT_PRODUCTS_DIR}/Alamofire/Alamofire.framework",
				"${BUILT_PRODUCTS_DIR}/SwiftyJSON/SwiftyJSON.framework",
			);
			name = "[CP] Embed Pods Frameworks";
			outputFileListPaths = (
			);
			outputPaths = (
				"${TARGET_BUILD_DIR}/${FRAMEWORKS_FOLDER_PATH}/Alamofire.framework",
				"${TARGET_BUILD_DIR}/${FRAMEWORKS_FOLDER_PATH}/SwiftyJSON.framework",
			);
			runOnlyForDeploymentPostprocessing = 0;
			shellPath = /bin/sh;
			shellScript = "\"${PODS_ROOT}/Target Support Files/Pods-VirtualTourist/Pods-VirtualTourist-frameworks.sh\"\n";
			showEnvVarsInLog = 0;
		};
		FF8D7765B01FB72864301647 /* [CP] Check Pods Manifest.lock */ = {
			isa = PBXShellScriptBuildPhase;
			buildActionMask = 2147483647;
			files = (
			);
			inputFileListPaths = (
			);
			inputPaths = (
				"${PODS_PODFILE_DIR_PATH}/Podfile.lock",
				"${PODS_ROOT}/Manifest.lock",
			);
			name = "[CP] Check Pods Manifest.lock";
			outputFileListPaths = (
			);
			outputPaths = (
				"$(DERIVED_FILE_DIR)/Pods-VirtualTourist-checkManifestLockResult.txt",
			);
			runOnlyForDeploymentPostprocessing = 0;
			shellPath = /bin/sh;
			shellScript = "diff \"${PODS_PODFILE_DIR_PATH}/Podfile.lock\" \"${PODS_ROOT}/Manifest.lock\" > /dev/null\nif [ $? != 0 ] ; then\n    # print error to STDERR\n    echo \"error: The sandbox is not in sync with the Podfile.lock. Run 'pod install' or update your CocoaPods installation.\" >&2\n    exit 1\nfi\n# This output is used by Xcode 'outputs' to avoid re-running this script phase.\necho \"SUCCESS\" > \"${SCRIPT_OUTPUT_FILE_0}\"\n";
			showEnvVarsInLog = 0;
		};
/* End PBXShellScriptBuildPhase section */

/* Begin PBXSourcesBuildPhase section */
		93571FB32188398700367A86 /* Sources */ = {
			isa = PBXSourcesBuildPhase;
			buildActionMask = 2147483647;
			files = (
				931D06D8219D51DD006609D0 /* GCDBlackBox.swift in Sources */,
				9357C08E219D3D0300AB3E15 /* FlickrConstants.swift in Sources */,
				93571FBD2188398700367A86 /* MapViewController.swift in Sources */,
				93571FBB2188398700367A86 /* AppDelegate.swift in Sources */,
				93114B26219AB39B00BBB1F6 /* PhotoCellsViewController.swift in Sources */,
				93571FC32188398700367A86 /* VirtualTourist.xcdatamodeld in Sources */,
				934C8CFB21982F7800FCDA36 /* PhotoViewController.swift in Sources */,
				9357C08C219D3CDF00AB3E15 /* FlickrClient.swift in Sources */,
			);
			runOnlyForDeploymentPostprocessing = 0;
		};
		93571FCA2188398900367A86 /* Sources */ = {
			isa = PBXSourcesBuildPhase;
			buildActionMask = 2147483647;
			files = (
				93571FD32188398900367A86 /* VirtualTouristTests.swift in Sources */,
			);
			runOnlyForDeploymentPostprocessing = 0;
		};
		93571FD52188398900367A86 /* Sources */ = {
			isa = PBXSourcesBuildPhase;
			buildActionMask = 2147483647;
			files = (
				93571FDE2188398900367A86 /* VirtualTouristUITests.swift in Sources */,
			);
			runOnlyForDeploymentPostprocessing = 0;
		};
/* End PBXSourcesBuildPhase section */

/* Begin PBXTargetDependency section */
		93571FD02188398900367A86 /* PBXTargetDependency */ = {
			isa = PBXTargetDependency;
			target = 93571FB62188398700367A86 /* VirtualTourist */;
			targetProxy = 93571FCF2188398900367A86 /* PBXContainerItemProxy */;
		};
		93571FDB2188398900367A86 /* PBXTargetDependency */ = {
			isa = PBXTargetDependency;
			target = 93571FB62188398700367A86 /* VirtualTourist */;
			targetProxy = 93571FDA2188398900367A86 /* PBXContainerItemProxy */;
		};
/* End PBXTargetDependency section */

/* Begin PBXVariantGroup section */
		93571FBE2188398700367A86 /* Main.storyboard */ = {
			isa = PBXVariantGroup;
			children = (
				93571FBF2188398700367A86 /* Base */,
			);
			name = Main.storyboard;
			sourceTree = "<group>";
		};
		93571FC62188398800367A86 /* LaunchScreen.storyboard */ = {
			isa = PBXVariantGroup;
			children = (
				93571FC72188398800367A86 /* Base */,
			);
			name = LaunchScreen.storyboard;
			sourceTree = "<group>";
		};
/* End PBXVariantGroup section */

/* Begin XCBuildConfiguration section */
		93571FE02188398900367A86 /* Debug */ = {
			isa = XCBuildConfiguration;
			buildSettings = {
				ALWAYS_SEARCH_USER_PATHS = NO;
				CLANG_ANALYZER_NONNULL = YES;
				CLANG_ANALYZER_NUMBER_OBJECT_CONVERSION = YES_AGGRESSIVE;
				CLANG_CXX_LANGUAGE_STANDARD = "gnu++14";
				CLANG_CXX_LIBRARY = "libc++";
				CLANG_ENABLE_MODULES = YES;
				CLANG_ENABLE_OBJC_ARC = YES;
				CLANG_ENABLE_OBJC_WEAK = YES;
				CLANG_WARN_BLOCK_CAPTURE_AUTORELEASING = YES;
				CLANG_WARN_BOOL_CONVERSION = YES;
				CLANG_WARN_COMMA = YES;
				CLANG_WARN_CONSTANT_CONVERSION = YES;
				CLANG_WARN_DEPRECATED_OBJC_IMPLEMENTATIONS = YES;
				CLANG_WARN_DIRECT_OBJC_ISA_USAGE = YES_ERROR;
				CLANG_WARN_DOCUMENTATION_COMMENTS = YES;
				CLANG_WARN_EMPTY_BODY = YES;
				CLANG_WARN_ENUM_CONVERSION = YES;
				CLANG_WARN_INFINITE_RECURSION = YES;
				CLANG_WARN_INT_CONVERSION = YES;
				CLANG_WARN_NON_LITERAL_NULL_CONVERSION = YES;
				CLANG_WARN_OBJC_IMPLICIT_RETAIN_SELF = YES;
				CLANG_WARN_OBJC_LITERAL_CONVERSION = YES;
				CLANG_WARN_OBJC_ROOT_CLASS = YES_ERROR;
				CLANG_WARN_RANGE_LOOP_ANALYSIS = YES;
				CLANG_WARN_STRICT_PROTOTYPES = YES;
				CLANG_WARN_SUSPICIOUS_MOVE = YES;
				CLANG_WARN_UNGUARDED_AVAILABILITY = YES_AGGRESSIVE;
				CLANG_WARN_UNREACHABLE_CODE = YES;
				CLANG_WARN__DUPLICATE_METHOD_MATCH = YES;
				CODE_SIGN_IDENTITY = "iPhone Developer";
				COPY_PHASE_STRIP = NO;
				DEBUG_INFORMATION_FORMAT = dwarf;
				ENABLE_STRICT_OBJC_MSGSEND = YES;
				ENABLE_TESTABILITY = YES;
				GCC_C_LANGUAGE_STANDARD = gnu11;
				GCC_DYNAMIC_NO_PIC = NO;
				GCC_NO_COMMON_BLOCKS = YES;
				GCC_OPTIMIZATION_LEVEL = 0;
				GCC_PREPROCESSOR_DEFINITIONS = (
					"DEBUG=1",
					"$(inherited)",
				);
				GCC_WARN_64_TO_32_BIT_CONVERSION = YES;
				GCC_WARN_ABOUT_RETURN_TYPE = YES_ERROR;
				GCC_WARN_UNDECLARED_SELECTOR = YES;
				GCC_WARN_UNINITIALIZED_AUTOS = YES_AGGRESSIVE;
				GCC_WARN_UNUSED_FUNCTION = YES;
				GCC_WARN_UNUSED_VARIABLE = YES;
				IPHONEOS_DEPLOYMENT_TARGET = 11.3;
				MTL_ENABLE_DEBUG_INFO = YES;
				ONLY_ACTIVE_ARCH = YES;
				SDKROOT = iphoneos;
				SWIFT_ACTIVE_COMPILATION_CONDITIONS = DEBUG;
				SWIFT_OPTIMIZATION_LEVEL = "-Onone";
			};
			name = Debug;
		};
		93571FE12188398900367A86 /* Release */ = {
			isa = XCBuildConfiguration;
			buildSettings = {
				ALWAYS_SEARCH_USER_PATHS = NO;
				CLANG_ANALYZER_NONNULL = YES;
				CLANG_ANALYZER_NUMBER_OBJECT_CONVERSION = YES_AGGRESSIVE;
				CLANG_CXX_LANGUAGE_STANDARD = "gnu++14";
				CLANG_CXX_LIBRARY = "libc++";
				CLANG_ENABLE_MODULES = YES;
				CLANG_ENABLE_OBJC_ARC = YES;
				CLANG_ENABLE_OBJC_WEAK = YES;
				CLANG_WARN_BLOCK_CAPTURE_AUTORELEASING = YES;
				CLANG_WARN_BOOL_CONVERSION = YES;
				CLANG_WARN_COMMA = YES;
				CLANG_WARN_CONSTANT_CONVERSION = YES;
				CLANG_WARN_DEPRECATED_OBJC_IMPLEMENTATIONS = YES;
				CLANG_WARN_DIRECT_OBJC_ISA_USAGE = YES_ERROR;
				CLANG_WARN_DOCUMENTATION_COMMENTS = YES;
				CLANG_WARN_EMPTY_BODY = YES;
				CLANG_WARN_ENUM_CONVERSION = YES;
				CLANG_WARN_INFINITE_RECURSION = YES;
				CLANG_WARN_INT_CONVERSION = YES;
				CLANG_WARN_NON_LITERAL_NULL_CONVERSION = YES;
				CLANG_WARN_OBJC_IMPLICIT_RETAIN_SELF = YES;
				CLANG_WARN_OBJC_LITERAL_CONVERSION = YES;
				CLANG_WARN_OBJC_ROOT_CLASS = YES_ERROR;
				CLANG_WARN_RANGE_LOOP_ANALYSIS = YES;
				CLANG_WARN_STRICT_PROTOTYPES = YES;
				CLANG_WARN_SUSPICIOUS_MOVE = YES;
				CLANG_WARN_UNGUARDED_AVAILABILITY = YES_AGGRESSIVE;
				CLANG_WARN_UNREACHABLE_CODE = YES;
				CLANG_WARN__DUPLICATE_METHOD_MATCH = YES;
				CODE_SIGN_IDENTITY = "iPhone Developer";
				COPY_PHASE_STRIP = NO;
				DEBUG_INFORMATION_FORMAT = "dwarf-with-dsym";
				ENABLE_NS_ASSERTIONS = NO;
				ENABLE_STRICT_OBJC_MSGSEND = YES;
				GCC_C_LANGUAGE_STANDARD = gnu11;
				GCC_NO_COMMON_BLOCKS = YES;
				GCC_WARN_64_TO_32_BIT_CONVERSION = YES;
				GCC_WARN_ABOUT_RETURN_TYPE = YES_ERROR;
				GCC_WARN_UNDECLARED_SELECTOR = YES;
				GCC_WARN_UNINITIALIZED_AUTOS = YES_AGGRESSIVE;
				GCC_WARN_UNUSED_FUNCTION = YES;
				GCC_WARN_UNUSED_VARIABLE = YES;
				IPHONEOS_DEPLOYMENT_TARGET = 11.3;
				MTL_ENABLE_DEBUG_INFO = NO;
				SDKROOT = iphoneos;
				SWIFT_COMPILATION_MODE = wholemodule;
				SWIFT_OPTIMIZATION_LEVEL = "-O";
				VALIDATE_PRODUCT = YES;
			};
			name = Release;
		};
		93571FE32188398900367A86 /* Debug */ = {
			isa = XCBuildConfiguration;
			baseConfigurationReference = ACD641C7CBB73216F3F93C08 /* Pods-VirtualTourist.debug.xcconfig */;
			buildSettings = {
				ASSETCATALOG_COMPILER_APPICON_NAME = AppIcon;
				CODE_SIGN_STYLE = Automatic;
				DEVELOPMENT_TEAM = 7PR5K9CPWS;
				INFOPLIST_FILE = VirtualTourist/Info.plist;
				LD_RUNPATH_SEARCH_PATHS = (
					"$(inherited)",
					"@executable_path/Frameworks",
				);
				PRODUCT_BUNDLE_IDENTIFIER = ravaljay.VirtualTourist;
				PRODUCT_NAME = "$(TARGET_NAME)";
				SWIFT_VERSION = 4.2;
				TARGETED_DEVICE_FAMILY = "1,2";
			};
			name = Debug;
		};
		93571FE42188398900367A86 /* Release */ = {
			isa = XCBuildConfiguration;
			baseConfigurationReference = 0BEE250CDEBF523DF8A1F1A6 /* Pods-VirtualTourist.release.xcconfig */;
			buildSettings = {
				ASSETCATALOG_COMPILER_APPICON_NAME = AppIcon;
				CODE_SIGN_STYLE = Automatic;
				DEVELOPMENT_TEAM = 7PR5K9CPWS;
				INFOPLIST_FILE = VirtualTourist/Info.plist;
				LD_RUNPATH_SEARCH_PATHS = (
					"$(inherited)",
					"@executable_path/Frameworks",
				);
				PRODUCT_BUNDLE_IDENTIFIER = ravaljay.VirtualTourist;
				PRODUCT_NAME = "$(TARGET_NAME)";
				SWIFT_VERSION = 4.2;
				TARGETED_DEVICE_FAMILY = "1,2";
			};
			name = Release;
		};
		93571FE62188398900367A86 /* Debug */ = {
			isa = XCBuildConfiguration;
			buildSettings = {
				ALWAYS_EMBED_SWIFT_STANDARD_LIBRARIES = YES;
				BUNDLE_LOADER = "$(TEST_HOST)";
				CODE_SIGN_STYLE = Automatic;
				DEVELOPMENT_TEAM = 7PR5K9CPWS;
				INFOPLIST_FILE = VirtualTouristTests/Info.plist;
				LD_RUNPATH_SEARCH_PATHS = (
					"$(inherited)",
					"@executable_path/Frameworks",
					"@loader_path/Frameworks",
				);
				PRODUCT_BUNDLE_IDENTIFIER = ravaljay.VirtualTouristTests;
				PRODUCT_NAME = "$(TARGET_NAME)";
				SWIFT_VERSION = 4.2;
				TARGETED_DEVICE_FAMILY = "1,2";
				TEST_HOST = "$(BUILT_PRODUCTS_DIR)/VirtualTourist.app/VirtualTourist";
			};
			name = Debug;
		};
		93571FE72188398900367A86 /* Release */ = {
			isa = XCBuildConfiguration;
			buildSettings = {
				ALWAYS_EMBED_SWIFT_STANDARD_LIBRARIES = YES;
				BUNDLE_LOADER = "$(TEST_HOST)";
				CODE_SIGN_STYLE = Automatic;
				DEVELOPMENT_TEAM = 7PR5K9CPWS;
				INFOPLIST_FILE = VirtualTouristTests/Info.plist;
				LD_RUNPATH_SEARCH_PATHS = (
					"$(inherited)",
					"@executable_path/Frameworks",
					"@loader_path/Frameworks",
				);
				PRODUCT_BUNDLE_IDENTIFIER = ravaljay.VirtualTouristTests;
				PRODUCT_NAME = "$(TARGET_NAME)";
				SWIFT_VERSION = 4.2;
				TARGETED_DEVICE_FAMILY = "1,2";
				TEST_HOST = "$(BUILT_PRODUCTS_DIR)/VirtualTourist.app/VirtualTourist";
			};
			name = Release;
		};
		93571FE92188398900367A86 /* Debug */ = {
			isa = XCBuildConfiguration;
			buildSettings = {
				ALWAYS_EMBED_SWIFT_STANDARD_LIBRARIES = YES;
				CODE_SIGN_STYLE = Automatic;
				DEVELOPMENT_TEAM = 7PR5K9CPWS;
				INFOPLIST_FILE = VirtualTouristUITests/Info.plist;
				LD_RUNPATH_SEARCH_PATHS = (
					"$(inherited)",
					"@executable_path/Frameworks",
					"@loader_path/Frameworks",
				);
				PRODUCT_BUNDLE_IDENTIFIER = ravaljay.VirtualTouristUITests;
				PRODUCT_NAME = "$(TARGET_NAME)";
				SWIFT_VERSION = 4.2;
				TARGETED_DEVICE_FAMILY = "1,2";
				TEST_TARGET_NAME = VirtualTourist;
			};
			name = Debug;
		};
		93571FEA2188398900367A86 /* Release */ = {
			isa = XCBuildConfiguration;
			buildSettings = {
				ALWAYS_EMBED_SWIFT_STANDARD_LIBRARIES = YES;
				CODE_SIGN_STYLE = Automatic;
				DEVELOPMENT_TEAM = 7PR5K9CPWS;
				INFOPLIST_FILE = VirtualTouristUITests/Info.plist;
				LD_RUNPATH_SEARCH_PATHS = (
					"$(inherited)",
					"@executable_path/Frameworks",
					"@loader_path/Frameworks",
				);
				PRODUCT_BUNDLE_IDENTIFIER = ravaljay.VirtualTouristUITests;
				PRODUCT_NAME = "$(TARGET_NAME)";
				SWIFT_VERSION = 4.2;
				TARGETED_DEVICE_FAMILY = "1,2";
				TEST_TARGET_NAME = VirtualTourist;
			};
			name = Release;
		};
/* End XCBuildConfiguration section */

/* Begin XCConfigurationList section */
		93571FB22188398700367A86 /* Build configuration list for PBXProject "VirtualTourist" */ = {
			isa = XCConfigurationList;
			buildConfigurations = (
				93571FE02188398900367A86 /* Debug */,
				93571FE12188398900367A86 /* Release */,
			);
			defaultConfigurationIsVisible = 0;
			defaultConfigurationName = Release;
		};
		93571FE22188398900367A86 /* Build configuration list for PBXNativeTarget "VirtualTourist" */ = {
			isa = XCConfigurationList;
			buildConfigurations = (
				93571FE32188398900367A86 /* Debug */,
				93571FE42188398900367A86 /* Release */,
			);
			defaultConfigurationIsVisible = 0;
			defaultConfigurationName = Release;
		};
		93571FE52188398900367A86 /* Build configuration list for PBXNativeTarget "VirtualTouristTests" */ = {
			isa = XCConfigurationList;
			buildConfigurations = (
				93571FE62188398900367A86 /* Debug */,
				93571FE72188398900367A86 /* Release */,
			);
			defaultConfigurationIsVisible = 0;
			defaultConfigurationName = Release;
		};
		93571FE82188398900367A86 /* Build configuration list for PBXNativeTarget "VirtualTouristUITests" */ = {
			isa = XCConfigurationList;
			buildConfigurations = (
				93571FE92188398900367A86 /* Debug */,
				93571FEA2188398900367A86 /* Release */,
			);
			defaultConfigurationIsVisible = 0;
			defaultConfigurationName = Release;
		};
/* End XCConfigurationList section */

/* Begin XCVersionGroup section */
		93571FC12188398700367A86 /* VirtualTourist.xcdatamodeld */ = {
			isa = XCVersionGroup;
			children = (
				93571FC22188398700367A86 /* VirtualTourist.xcdatamodel */,
			);
			currentVersion = 93571FC22188398700367A86 /* VirtualTourist.xcdatamodel */;
			path = VirtualTourist.xcdatamodeld;
			sourceTree = "<group>";
			versionGroupType = wrapper.xcdatamodel;
		};
/* End XCVersionGroup section */
	};
	rootObject = 93571FAF2188398700367A86 /* Project object */;
}
